
Microsoft Visual Studio Solution File, Format Version 12.00
# Visual Studio 15
VisualStudioVersion = 15.0.26430.14
MinimumVisualStudioVersion = 10.0.40219.1
Project("{FAE04EC0-301F-11D3-BF4B-00C04F79EFBC}") = "Atividade 1", "Atividade 1\Atividade 1.csproj", "{D6B0F28B-6F7E-4C59-A3FB-870EE5001A1E}"
EndProject
Project("{FAE04EC0-301F-11D3-BF4B-00C04F79EFBC}") = "Atividade 2", "Atividade 2\Atividade 2.csproj", "{145AE29A-1F9E-4681-92EE-88496BAAE8F1}"
EndProject
Project("{FAE04EC0-301F-11D3-BF4B-00C04F79EFBC}") = "Atividade 3", "Atividade3\Atividade 3.csproj", "{34BD8A71-9563-4A6C-A0EB-FCC1ABEEB74B}"
EndProject
Project("{FAE04EC0-301F-11D3-BF4B-00C04F79EFBC}") = "Atividade 4", "Atividade 4\Atividade 4.csproj", "{5F958D36-23CD-4A8C-9A63-E1AC21E0BBE0}"
EndProject
Project("{FAE04EC0-301F-11D3-BF4B-00C04F79EFBC}") = "Atividade 5", "Atividade 5\Atividade 5.csproj", "{6FA5CC39-B6F9-41EB-AF40-545EB51C00B7}"
EndProject
Project("{FAE04EC0-301F-11D3-BF4B-00C04F79EFBC}") = "Atividade 11", "Atividade 11\Atividade 11.csproj", "{18AED202-EAE9-48DA-A2EC-59D6F901B197}"
EndProject
Project("{FAE04EC0-301F-11D3-BF4B-00C04F79EFBC}") = "Atividade 12", "Atividade 12\Atividade 12.csproj", "{CF7EBE89-BD4C-445B-9DF9-13CE248CD2D0}"
EndProject
Project("{FAE04EC0-301F-11D3-BF4B-00C04F79EFBC}") = "Atividade 13", "Atividade 13\Atividade 13.csproj", "{8A3CB68A-01E7-49CE-AAC3-E439C1526BBB}"
EndProject
Project("{FAE04EC0-301F-11D3-BF4B-00C04F79EFBC}") = "Atividade 14", "Atividade 14\Atividade 14.csproj", "{3823617B-8C70-4F97-A4F1-EC55B9093ED3}"
EndProject
Project("{FAE04EC0-301F-11D3-BF4B-00C04F79EFBC}") = "Atividade 15", "Atividade 15\Atividade 15.csproj", "{311A6AE5-25B0-4633-ACB7-EAA833EF7310}"
EndProject
Project("{FAE04EC0-301F-11D3-BF4B-00C04F79EFBC}") = "Atividade 6", "Atividade 6\Atividade 6.csproj", "{D480FCCA-22F3-462D-81A7-1E9E0B26CB19}"
EndProject
Project("{FAE04EC0-301F-11D3-BF4B-00C04F79EFBC}") = "Atividade 7", "Atividade 7\Atividade 7.csproj", "{CA6F80DE-0F71-4CA8-ADA9-958A5D66D2A1}"
EndProject
Project("{FAE04EC0-301F-11D3-BF4B-00C04F79EFBC}") = "Atividade 8", "Atividade 8\Atividade 8.csproj", "{2A7149E0-4903-4011-868C-98CAFB7DC787}"
EndProject
Project("{FAE04EC0-301F-11D3-BF4B-00C04F79EFBC}") = "Atividade 9", "Atividade 9\Atividade 9.csproj", "{645AE0EB-E36B-4E06-8C18-3D792534B59F}"
EndProject
Project("{FAE04EC0-301F-11D3-BF4B-00C04F79EFBC}") = "Atividade 10", "Atividade 10\Atividade 10.csproj", "{5D2F4191-9BA0-4CDD-9792-9CB64040CF49}"
EndProject
Project("{2150E333-8FDC-42A3-9474-1A3956D46DE8}") = "Lista_1", "Lista_1", "{7C86F41A-1832-4536-B2EB-7D0B406A6FB6}"
EndProject
Project("{2150E333-8FDC-42A3-9474-1A3956D46DE8}") = "Lista_2", "Lista_2", "{0807E4EC-D4A9-4C31-8996-8588FAA26BF0}"
EndProject
Project("{2150E333-8FDC-42A3-9474-1A3956D46DE8}") = "Exercicio_complementar", "Exercicio_complementar", "{D97F122F-3256-4274-9D78-3D95FDA6753F}"
EndProject
Project("{FAE04EC0-301F-11D3-BF4B-00C04F79EFBC}") = "Exercicio 1", "Exercicio 1\Exercicio 1.csproj", "{7E1C9377-19B4-4665-9332-FB1C105E5982}"
EndProject
Project("{FAE04EC0-301F-11D3-BF4B-00C04F79EFBC}") = "Atividade_1", "Atividade_1\Atividade_1.csproj", "{028DC634-1DD5-49B8-8D48-E64733D54DB6}"
EndProject
Project("{FAE04EC0-301F-11D3-BF4B-00C04F79EFBC}") = "Atividade_2", "Atividade_2\Atividade_2.csproj", "{572C9AEE-FC93-4E6A-8496-C67875C1549D}"
EndProject
Project("{FAE04EC0-301F-11D3-BF4B-00C04F79EFBC}") = "Atividade_3", "Atividade_3\Atividade_3.csproj", "{3FCA53A9-D1E8-403C-B22B-D9790D043C52}"
EndProject
Project("{FAE04EC0-301F-11D3-BF4B-00C04F79EFBC}") = "Atividade_4", "Atividade_4\Atividade_4.csproj", "{9638D0E1-16B4-40EE-A48E-90D5B0E5E846}"
EndProject
Project("{FAE04EC0-301F-11D3-BF4B-00C04F79EFBC}") = "Atividade_5", "Atividade_5\Atividade_5.csproj", "{0DA628BE-31BA-4F52-80D7-9B6C49845EFB}"
EndProject
Project("{FAE04EC0-301F-11D3-BF4B-00C04F79EFBC}") = "Atividade_6", "Atividade_6\Atividade_6.csproj", "{12217121-8DF5-40A7-9111-135EA305AC48}"
EndProject
Project("{FAE04EC0-301F-11D3-BF4B-00C04F79EFBC}") = "Atividade_7", "Atividade_7\Atividade_7.csproj", "{7CBDF134-8D7B-4EAE-B38F-39EAD80CD474}"
EndProject
Project("{FAE04EC0-301F-11D3-BF4B-00C04F79EFBC}") = "Atividade_8", "Atividade_8\Atividade_8.csproj", "{2682C935-A8DF-4142-A17F-04B24D281224}"
EndProject
Project("{FAE04EC0-301F-11D3-BF4B-00C04F79EFBC}") = "Atividade_9", "Atividade_9\Atividade_9.csproj", "{DB64777C-69B7-43A5-A91F-CB46C599C13C}"
EndProject
Project("{FAE04EC0-301F-11D3-BF4B-00C04F79EFBC}") = "Atividade_10", "Atividade_10\Atividade_10.csproj", "{8409D765-3B30-4924-9FC7-FA2C5F64692D}"
EndProject
Project("{FAE04EC0-301F-11D3-BF4B-00C04F79EFBC}") = "Atividade_11", "Atividade_11\Atividade_11.csproj", "{979F0C90-3336-4DF9-AB05-DB7C6B75C86E}"
EndProject
Project("{FAE04EC0-301F-11D3-BF4B-00C04F79EFBC}") = "Atividade_12", "Atividade_12\Atividade_12.csproj", "{A9FC9260-7F9A-4169-B26E-39A3860A989C}"
EndProject
Project("{FAE04EC0-301F-11D3-BF4B-00C04F79EFBC}") = "Atividade_13", "Atividade_13\Atividade_13.csproj", "{9D5012D2-ACBD-435C-BA41-F6B1980817FD}"
EndProject
Project("{FAE04EC0-301F-11D3-BF4B-00C04F79EFBC}") = "Atividade_14", "Atividade_14\Atividade_14.csproj", "{B54AD445-0E7D-4441-9D41-7A79FF529E58}"
EndProject
Project("{FAE04EC0-301F-11D3-BF4B-00C04F79EFBC}") = "Atividade_15", "Atividade_15\Atividade_15.csproj", "{533ED9EB-D955-4CF7-805A-7C76D79925B3}"
EndProject
Global
	GlobalSection(SolutionConfigurationPlatforms) = preSolution
		Debug|Any CPU = Debug|Any CPU
		Release|Any CPU = Release|Any CPU
	EndGlobalSection
	GlobalSection(ProjectConfigurationPlatforms) = postSolution
		{D6B0F28B-6F7E-4C59-A3FB-870EE5001A1E}.Debug|Any CPU.ActiveCfg = Debug|Any CPU
		{D6B0F28B-6F7E-4C59-A3FB-870EE5001A1E}.Debug|Any CPU.Build.0 = Debug|Any CPU
		{D6B0F28B-6F7E-4C59-A3FB-870EE5001A1E}.Release|Any CPU.ActiveCfg = Release|Any CPU
		{D6B0F28B-6F7E-4C59-A3FB-870EE5001A1E}.Release|Any CPU.Build.0 = Release|Any CPU
		{145AE29A-1F9E-4681-92EE-88496BAAE8F1}.Debug|Any CPU.ActiveCfg = Debug|Any CPU
		{145AE29A-1F9E-4681-92EE-88496BAAE8F1}.Debug|Any CPU.Build.0 = Debug|Any CPU
		{145AE29A-1F9E-4681-92EE-88496BAAE8F1}.Release|Any CPU.ActiveCfg = Release|Any CPU
		{145AE29A-1F9E-4681-92EE-88496BAAE8F1}.Release|Any CPU.Build.0 = Release|Any CPU
		{34BD8A71-9563-4A6C-A0EB-FCC1ABEEB74B}.Debug|Any CPU.ActiveCfg = Debug|Any CPU
		{34BD8A71-9563-4A6C-A0EB-FCC1ABEEB74B}.Debug|Any CPU.Build.0 = Debug|Any CPU
		{34BD8A71-9563-4A6C-A0EB-FCC1ABEEB74B}.Release|Any CPU.ActiveCfg = Release|Any CPU
		{34BD8A71-9563-4A6C-A0EB-FCC1ABEEB74B}.Release|Any CPU.Build.0 = Release|Any CPU
		{5F958D36-23CD-4A8C-9A63-E1AC21E0BBE0}.Debug|Any CPU.ActiveCfg = Debug|Any CPU
		{5F958D36-23CD-4A8C-9A63-E1AC21E0BBE0}.Debug|Any CPU.Build.0 = Debug|Any CPU
		{5F958D36-23CD-4A8C-9A63-E1AC21E0BBE0}.Release|Any CPU.ActiveCfg = Release|Any CPU
		{5F958D36-23CD-4A8C-9A63-E1AC21E0BBE0}.Release|Any CPU.Build.0 = Release|Any CPU
		{6FA5CC39-B6F9-41EB-AF40-545EB51C00B7}.Debug|Any CPU.ActiveCfg = Debug|Any CPU
		{6FA5CC39-B6F9-41EB-AF40-545EB51C00B7}.Debug|Any CPU.Build.0 = Debug|Any CPU
		{6FA5CC39-B6F9-41EB-AF40-545EB51C00B7}.Release|Any CPU.ActiveCfg = Release|Any CPU
		{6FA5CC39-B6F9-41EB-AF40-545EB51C00B7}.Release|Any CPU.Build.0 = Release|Any CPU
		{18AED202-EAE9-48DA-A2EC-59D6F901B197}.Debug|Any CPU.ActiveCfg = Debug|Any CPU
		{18AED202-EAE9-48DA-A2EC-59D6F901B197}.Debug|Any CPU.Build.0 = Debug|Any CPU
		{18AED202-EAE9-48DA-A2EC-59D6F901B197}.Release|Any CPU.ActiveCfg = Release|Any CPU
		{18AED202-EAE9-48DA-A2EC-59D6F901B197}.Release|Any CPU.Build.0 = Release|Any CPU
		{CF7EBE89-BD4C-445B-9DF9-13CE248CD2D0}.Debug|Any CPU.ActiveCfg = Debug|Any CPU
		{CF7EBE89-BD4C-445B-9DF9-13CE248CD2D0}.Debug|Any CPU.Build.0 = Debug|Any CPU
		{CF7EBE89-BD4C-445B-9DF9-13CE248CD2D0}.Release|Any CPU.ActiveCfg = Release|Any CPU
		{CF7EBE89-BD4C-445B-9DF9-13CE248CD2D0}.Release|Any CPU.Build.0 = Release|Any CPU
		{8A3CB68A-01E7-49CE-AAC3-E439C1526BBB}.Debug|Any CPU.ActiveCfg = Debug|Any CPU
		{8A3CB68A-01E7-49CE-AAC3-E439C1526BBB}.Debug|Any CPU.Build.0 = Debug|Any CPU
		{8A3CB68A-01E7-49CE-AAC3-E439C1526BBB}.Release|Any CPU.ActiveCfg = Release|Any CPU
		{8A3CB68A-01E7-49CE-AAC3-E439C1526BBB}.Release|Any CPU.Build.0 = Release|Any CPU
		{3823617B-8C70-4F97-A4F1-EC55B9093ED3}.Debug|Any CPU.ActiveCfg = Debug|Any CPU
		{3823617B-8C70-4F97-A4F1-EC55B9093ED3}.Debug|Any CPU.Build.0 = Debug|Any CPU
		{3823617B-8C70-4F97-A4F1-EC55B9093ED3}.Release|Any CPU.ActiveCfg = Release|Any CPU
		{3823617B-8C70-4F97-A4F1-EC55B9093ED3}.Release|Any CPU.Build.0 = Release|Any CPU
		{311A6AE5-25B0-4633-ACB7-EAA833EF7310}.Debug|Any CPU.ActiveCfg = Debug|Any CPU
		{311A6AE5-25B0-4633-ACB7-EAA833EF7310}.Debug|Any CPU.Build.0 = Debug|Any CPU
		{311A6AE5-25B0-4633-ACB7-EAA833EF7310}.Release|Any CPU.ActiveCfg = Release|Any CPU
		{311A6AE5-25B0-4633-ACB7-EAA833EF7310}.Release|Any CPU.Build.0 = Release|Any CPU
		{D480FCCA-22F3-462D-81A7-1E9E0B26CB19}.Debug|Any CPU.ActiveCfg = Debug|Any CPU
		{D480FCCA-22F3-462D-81A7-1E9E0B26CB19}.Debug|Any CPU.Build.0 = Debug|Any CPU
		{D480FCCA-22F3-462D-81A7-1E9E0B26CB19}.Release|Any CPU.ActiveCfg = Release|Any CPU
		{D480FCCA-22F3-462D-81A7-1E9E0B26CB19}.Release|Any CPU.Build.0 = Release|Any CPU
		{CA6F80DE-0F71-4CA8-ADA9-958A5D66D2A1}.Debug|Any CPU.ActiveCfg = Debug|Any CPU
		{CA6F80DE-0F71-4CA8-ADA9-958A5D66D2A1}.Debug|Any CPU.Build.0 = Debug|Any CPU
		{CA6F80DE-0F71-4CA8-ADA9-958A5D66D2A1}.Release|Any CPU.ActiveCfg = Release|Any CPU
		{CA6F80DE-0F71-4CA8-ADA9-958A5D66D2A1}.Release|Any CPU.Build.0 = Release|Any CPU
		{2A7149E0-4903-4011-868C-98CAFB7DC787}.Debug|Any CPU.ActiveCfg = Debug|Any CPU
		{2A7149E0-4903-4011-868C-98CAFB7DC787}.Debug|Any CPU.Build.0 = Debug|Any CPU
		{2A7149E0-4903-4011-868C-98CAFB7DC787}.Release|Any CPU.ActiveCfg = Release|Any CPU
		{2A7149E0-4903-4011-868C-98CAFB7DC787}.Release|Any CPU.Build.0 = Release|Any CPU
		{645AE0EB-E36B-4E06-8C18-3D792534B59F}.Debug|Any CPU.ActiveCfg = Debug|Any CPU
		{645AE0EB-E36B-4E06-8C18-3D792534B59F}.Debug|Any CPU.Build.0 = Debug|Any CPU
		{645AE0EB-E36B-4E06-8C18-3D792534B59F}.Release|Any CPU.ActiveCfg = Release|Any CPU
		{645AE0EB-E36B-4E06-8C18-3D792534B59F}.Release|Any CPU.Build.0 = Release|Any CPU
		{5D2F4191-9BA0-4CDD-9792-9CB64040CF49}.Debug|Any CPU.ActiveCfg = Debug|Any CPU
		{5D2F4191-9BA0-4CDD-9792-9CB64040CF49}.Debug|Any CPU.Build.0 = Debug|Any CPU
		{5D2F4191-9BA0-4CDD-9792-9CB64040CF49}.Release|Any CPU.ActiveCfg = Release|Any CPU
		{5D2F4191-9BA0-4CDD-9792-9CB64040CF49}.Release|Any CPU.Build.0 = Release|Any CPU
		{7E1C9377-19B4-4665-9332-FB1C105E5982}.Debug|Any CPU.ActiveCfg = Debug|Any CPU
		{7E1C9377-19B4-4665-9332-FB1C105E5982}.Debug|Any CPU.Build.0 = Debug|Any CPU
		{7E1C9377-19B4-4665-9332-FB1C105E5982}.Release|Any CPU.ActiveCfg = Release|Any CPU
		{7E1C9377-19B4-4665-9332-FB1C105E5982}.Release|Any CPU.Build.0 = Release|Any CPU
		{028DC634-1DD5-49B8-8D48-E64733D54DB6}.Debug|Any CPU.ActiveCfg = Debug|Any CPU
		{028DC634-1DD5-49B8-8D48-E64733D54DB6}.Debug|Any CPU.Build.0 = Debug|Any CPU
		{028DC634-1DD5-49B8-8D48-E64733D54DB6}.Release|Any CPU.ActiveCfg = Release|Any CPU
		{028DC634-1DD5-49B8-8D48-E64733D54DB6}.Release|Any CPU.Build.0 = Release|Any CPU
		{572C9AEE-FC93-4E6A-8496-C67875C1549D}.Debug|Any CPU.ActiveCfg = Debug|Any CPU
		{572C9AEE-FC93-4E6A-8496-C67875C1549D}.Debug|Any CPU.Build.0 = Debug|Any CPU
		{572C9AEE-FC93-4E6A-8496-C67875C1549D}.Release|Any CPU.ActiveCfg = Release|Any CPU
		{572C9AEE-FC93-4E6A-8496-C67875C1549D}.Release|Any CPU.Build.0 = Release|Any CPU
		{3FCA53A9-D1E8-403C-B22B-D9790D043C52}.Debug|Any CPU.ActiveCfg = Debug|Any CPU
		{3FCA53A9-D1E8-403C-B22B-D9790D043C52}.Debug|Any CPU.Build.0 = Debug|Any CPU
		{3FCA53A9-D1E8-403C-B22B-D9790D043C52}.Release|Any CPU.ActiveCfg = Release|Any CPU
		{3FCA53A9-D1E8-403C-B22B-D9790D043C52}.Release|Any CPU.Build.0 = Release|Any CPU
		{9638D0E1-16B4-40EE-A48E-90D5B0E5E846}.Debug|Any CPU.ActiveCfg = Debug|Any CPU
		{9638D0E1-16B4-40EE-A48E-90D5B0E5E846}.Debug|Any CPU.Build.0 = Debug|Any CPU
		{9638D0E1-16B4-40EE-A48E-90D5B0E5E846}.Release|Any CPU.ActiveCfg = Release|Any CPU
		{9638D0E1-16B4-40EE-A48E-90D5B0E5E846}.Release|Any CPU.Build.0 = Release|Any CPU
		{0DA628BE-31BA-4F52-80D7-9B6C49845EFB}.Debug|Any CPU.ActiveCfg = Debug|Any CPU
		{0DA628BE-31BA-4F52-80D7-9B6C49845EFB}.Debug|Any CPU.Build.0 = Debug|Any CPU
		{0DA628BE-31BA-4F52-80D7-9B6C49845EFB}.Release|Any CPU.ActiveCfg = Release|Any CPU
		{0DA628BE-31BA-4F52-80D7-9B6C49845EFB}.Release|Any CPU.Build.0 = Release|Any CPU
		{12217121-8DF5-40A7-9111-135EA305AC48}.Debug|Any CPU.ActiveCfg = Debug|Any CPU
		{12217121-8DF5-40A7-9111-135EA305AC48}.Debug|Any CPU.Build.0 = Debug|Any CPU
		{12217121-8DF5-40A7-9111-135EA305AC48}.Release|Any CPU.ActiveCfg = Release|Any CPU
		{12217121-8DF5-40A7-9111-135EA305AC48}.Release|Any CPU.Build.0 = Release|Any CPU
		{7CBDF134-8D7B-4EAE-B38F-39EAD80CD474}.Debug|Any CPU.ActiveCfg = Debug|Any CPU
		{7CBDF134-8D7B-4EAE-B38F-39EAD80CD474}.Debug|Any CPU.Build.0 = Debug|Any CPU
		{7CBDF134-8D7B-4EAE-B38F-39EAD80CD474}.Release|Any CPU.ActiveCfg = Release|Any CPU
		{7CBDF134-8D7B-4EAE-B38F-39EAD80CD474}.Release|Any CPU.Build.0 = Release|Any CPU
		{2682C935-A8DF-4142-A17F-04B24D281224}.Debug|Any CPU.ActiveCfg = Debug|Any CPU
		{2682C935-A8DF-4142-A17F-04B24D281224}.Debug|Any CPU.Build.0 = Debug|Any CPU
		{2682C935-A8DF-4142-A17F-04B24D281224}.Release|Any CPU.ActiveCfg = Release|Any CPU
		{2682C935-A8DF-4142-A17F-04B24D281224}.Release|Any CPU.Build.0 = Release|Any CPU
		{DB64777C-69B7-43A5-A91F-CB46C599C13C}.Debug|Any CPU.ActiveCfg = Debug|Any CPU
		{DB64777C-69B7-43A5-A91F-CB46C599C13C}.Debug|Any CPU.Build.0 = Debug|Any CPU
		{DB64777C-69B7-43A5-A91F-CB46C599C13C}.Release|Any CPU.ActiveCfg = Release|Any CPU
		{DB64777C-69B7-43A5-A91F-CB46C599C13C}.Release|Any CPU.Build.0 = Release|Any CPU
		{8409D765-3B30-4924-9FC7-FA2C5F64692D}.Debug|Any CPU.ActiveCfg = Debug|Any CPU
		{8409D765-3B30-4924-9FC7-FA2C5F64692D}.Debug|Any CPU.Build.0 = Debug|Any CPU
		{8409D765-3B30-4924-9FC7-FA2C5F64692D}.Release|Any CPU.ActiveCfg = Release|Any CPU
		{8409D765-3B30-4924-9FC7-FA2C5F64692D}.Release|Any CPU.Build.0 = Release|Any CPU
		{979F0C90-3336-4DF9-AB05-DB7C6B75C86E}.Debug|Any CPU.ActiveCfg = Debug|Any CPU
		{979F0C90-3336-4DF9-AB05-DB7C6B75C86E}.Debug|Any CPU.Build.0 = Debug|Any CPU
		{979F0C90-3336-4DF9-AB05-DB7C6B75C86E}.Release|Any CPU.ActiveCfg = Release|Any CPU
		{979F0C90-3336-4DF9-AB05-DB7C6B75C86E}.Release|Any CPU.Build.0 = Release|Any CPU
		{A9FC9260-7F9A-4169-B26E-39A3860A989C}.Debug|Any CPU.ActiveCfg = Debug|Any CPU
		{A9FC9260-7F9A-4169-B26E-39A3860A989C}.Debug|Any CPU.Build.0 = Debug|Any CPU
		{A9FC9260-7F9A-4169-B26E-39A3860A989C}.Release|Any CPU.ActiveCfg = Release|Any CPU
		{A9FC9260-7F9A-4169-B26E-39A3860A989C}.Release|Any CPU.Build.0 = Release|Any CPU
		{9D5012D2-ACBD-435C-BA41-F6B1980817FD}.Debug|Any CPU.ActiveCfg = Debug|Any CPU
		{9D5012D2-ACBD-435C-BA41-F6B1980817FD}.Debug|Any CPU.Build.0 = Debug|Any CPU
		{9D5012D2-ACBD-435C-BA41-F6B1980817FD}.Release|Any CPU.ActiveCfg = Release|Any CPU
		{9D5012D2-ACBD-435C-BA41-F6B1980817FD}.Release|Any CPU.Build.0 = Release|Any CPU
		{B54AD445-0E7D-4441-9D41-7A79FF529E58}.Debug|Any CPU.ActiveCfg = Debug|Any CPU
		{B54AD445-0E7D-4441-9D41-7A79FF529E58}.Debug|Any CPU.Build.0 = Debug|Any CPU
		{B54AD445-0E7D-4441-9D41-7A79FF529E58}.Release|Any CPU.ActiveCfg = Release|Any CPU
		{B54AD445-0E7D-4441-9D41-7A79FF529E58}.Release|Any CPU.Build.0 = Release|Any CPU
		{533ED9EB-D955-4CF7-805A-7C76D79925B3}.Debug|Any CPU.ActiveCfg = Debug|Any CPU
		{533ED9EB-D955-4CF7-805A-7C76D79925B3}.Debug|Any CPU.Build.0 = Debug|Any CPU
		{533ED9EB-D955-4CF7-805A-7C76D79925B3}.Release|Any CPU.ActiveCfg = Release|Any CPU
		{533ED9EB-D955-4CF7-805A-7C76D79925B3}.Release|Any CPU.Build.0 = Release|Any CPU
	EndGlobalSection
	GlobalSection(SolutionProperties) = preSolution
		HideSolutionNode = FALSE
	EndGlobalSection
	GlobalSection(NestedProjects) = preSolution
		{D6B0F28B-6F7E-4C59-A3FB-870EE5001A1E} = {7C86F41A-1832-4536-B2EB-7D0B406A6FB6}
		{145AE29A-1F9E-4681-92EE-88496BAAE8F1} = {7C86F41A-1832-4536-B2EB-7D0B406A6FB6}
		{34BD8A71-9563-4A6C-A0EB-FCC1ABEEB74B} = {7C86F41A-1832-4536-B2EB-7D0B406A6FB6}
		{5F958D36-23CD-4A8C-9A63-E1AC21E0BBE0} = {7C86F41A-1832-4536-B2EB-7D0B406A6FB6}
		{6FA5CC39-B6F9-41EB-AF40-545EB51C00B7} = {7C86F41A-1832-4536-B2EB-7D0B406A6FB6}
		{18AED202-EAE9-48DA-A2EC-59D6F901B197} = {7C86F41A-1832-4536-B2EB-7D0B406A6FB6}
		{CF7EBE89-BD4C-445B-9DF9-13CE248CD2D0} = {7C86F41A-1832-4536-B2EB-7D0B406A6FB6}
		{8A3CB68A-01E7-49CE-AAC3-E439C1526BBB} = {7C86F41A-1832-4536-B2EB-7D0B406A6FB6}
		{3823617B-8C70-4F97-A4F1-EC55B9093ED3} = {7C86F41A-1832-4536-B2EB-7D0B406A6FB6}
		{311A6AE5-25B0-4633-ACB7-EAA833EF7310} = {7C86F41A-1832-4536-B2EB-7D0B406A6FB6}
		{D480FCCA-22F3-462D-81A7-1E9E0B26CB19} = {7C86F41A-1832-4536-B2EB-7D0B406A6FB6}
		{CA6F80DE-0F71-4CA8-ADA9-958A5D66D2A1} = {7C86F41A-1832-4536-B2EB-7D0B406A6FB6}
		{2A7149E0-4903-4011-868C-98CAFB7DC787} = {7C86F41A-1832-4536-B2EB-7D0B406A6FB6}
		{645AE0EB-E36B-4E06-8C18-3D792534B59F} = {7C86F41A-1832-4536-B2EB-7D0B406A6FB6}
		{5D2F4191-9BA0-4CDD-9792-9CB64040CF49} = {7C86F41A-1832-4536-B2EB-7D0B406A6FB6}
		{7E1C9377-19B4-4665-9332-FB1C105E5982} = {D97F122F-3256-4274-9D78-3D95FDA6753F}
		{028DC634-1DD5-49B8-8D48-E64733D54DB6} = {0807E4EC-D4A9-4C31-8996-8588FAA26BF0}
		{572C9AEE-FC93-4E6A-8496-C67875C1549D} = {0807E4EC-D4A9-4C31-8996-8588FAA26BF0}
		{3FCA53A9-D1E8-403C-B22B-D9790D043C52} = {0807E4EC-D4A9-4C31-8996-8588FAA26BF0}
		{9638D0E1-16B4-40EE-A48E-90D5B0E5E846} = {0807E4EC-D4A9-4C31-8996-8588FAA26BF0}
		{0DA628BE-31BA-4F52-80D7-9B6C49845EFB} = {0807E4EC-D4A9-4C31-8996-8588FAA26BF0}
		{12217121-8DF5-40A7-9111-135EA305AC48} = {0807E4EC-D4A9-4C31-8996-8588FAA26BF0}
		{7CBDF134-8D7B-4EAE-B38F-39EAD80CD474} = {0807E4EC-D4A9-4C31-8996-8588FAA26BF0}
		{2682C935-A8DF-4142-A17F-04B24D281224} = {0807E4EC-D4A9-4C31-8996-8588FAA26BF0}
		{DB64777C-69B7-43A5-A91F-CB46C599C13C} = {0807E4EC-D4A9-4C31-8996-8588FAA26BF0}
		{8409D765-3B30-4924-9FC7-FA2C5F64692D} = {0807E4EC-D4A9-4C31-8996-8588FAA26BF0}
		{979F0C90-3336-4DF9-AB05-DB7C6B75C86E} = {0807E4EC-D4A9-4C31-8996-8588FAA26BF0}
		{A9FC9260-7F9A-4169-B26E-39A3860A989C} = {0807E4EC-D4A9-4C31-8996-8588FAA26BF0}
		{9D5012D2-ACBD-435C-BA41-F6B1980817FD} = {0807E4EC-D4A9-4C31-8996-8588FAA26BF0}
		{B54AD445-0E7D-4441-9D41-7A79FF529E58} = {0807E4EC-D4A9-4C31-8996-8588FAA26BF0}
		{533ED9EB-D955-4CF7-805A-7C76D79925B3} = {0807E4EC-D4A9-4C31-8996-8588FAA26BF0}
	EndGlobalSection
EndGlobal
